<Solution>
  <Folder Name="/src/">
    <Project Path="src/Kairos.Application/Kairos.Application.csproj" />
    <Project Path="src/Kairos.Desktop/Kairos.Desktop.csproj" />
    <Project Path="src/Kairos.Domain/Kairos.Domain.csproj" />
    <Project Path="src/Kairos.Infrastructure/Kairos.Infrastructure.csproj" />
    <Project Path="src/Kairos.Platform.Windows/Kairos.Platform.Windows.csproj" />
  </Folder>
  <Folder Name="/tests/">
    <Project Path="tests/Kairos.Application.Tests/Kairos.Application.Tests.csproj" />
    <Project Path="tests/Kairos.Desktop.Tests/Kairos.Desktop.Tests.csproj" />
    <Project Path="tests/Kairos.Domain.Tests/Kairos.Domain.Tests.csproj" />
    <Project Path="tests/Kairos.Infrastructure.Tests/Kairos.Infrastructure.Tests.csproj" />
  </Folder>
</Solution>
